# Generated by setup.sh — 2026-03-14T13:52:13Z
# Tracks vendor commit SHAs for reproducibility.

anthropic: b0cbd3df1533b396d281a6886d5132f623393a9c  # 2026-03-06 12:06:23 -0800
huggingface: 9a685c9f0de100d26967e0d768f70aca78acd5fe  # 2026-03-13 10:00:51 +0100
openai: ecc1fb8bc0b82f1d3c7a92a82167ae8e8e613a67  # 2026-03-11 16:54:05 -0700
vercel: 5847a7c7e79bab3e400cf47800b83449d7aea2d4  # 2026-03-12 22:56:57 +0800
